// !$*UTF8*$!
{
	archiveVersion = 1;
	classes = {
	};
	objectVersion = 56;
	objects = {

/* Begin PBXBuildFile section */
		DFA1E4BF299D3E0B001A2BB9 /* PokeCard_TCAApp.swift in Sources */ = {isa = PBXBuildFile; fileRef = DFA1E4BE299D3E0B001A2BB9 /* PokeCard_TCAApp.swift */; };
		DFA1E4C1299D3E0B001A2BB9 /* ContentView.swift in Sources */ = {isa = PBXBuildFile; fileRef = DFA1E4C0299D3E0B001A2BB9 /* ContentView.swift */; };
		DFA1E4C3299D3E0D001A2BB9 /* Assets.xcassets in Resources */ = {isa = PBXBuildFile; fileRef = DFA1E4C2299D3E0D001A2BB9 /* Assets.xcassets */; };
		DFA1E4C7299D3E0D001A2BB9 /* Preview Assets.xcassets in Resources */ = {isa = PBXBuildFile; fileRef = DFA1E4C6299D3E0D001A2BB9 /* Preview Assets.xcassets */; };
		DFA1E4D1299D3E0D001A2BB9 /* PokeCard_TCATests.swift in Sources */ = {isa = PBXBuildFile; fileRef = DFA1E4D0299D3E0D001A2BB9 /* PokeCard_TCATests.swift */; };
		DFA1E4DB299D3E0D001A2BB9 /* PokeCard_TCAUITests.swift in Sources */ = {isa = PBXBuildFile; fileRef = DFA1E4DA299D3E0D001A2BB9 /* PokeCard_TCAUITests.swift */; };
		DFA1E4DD299D3E0D001A2BB9 /* PokeCard_TCAUITestsLaunchTests.swift in Sources */ = {isa = PBXBuildFile; fileRef = DFA1E4DC299D3E0D001A2BB9 /* PokeCard_TCAUITestsLaunchTests.swift */; };
/* End PBXBuildFile section */

/* Begin PBXContainerItemProxy section */
		DFA1E4CD299D3E0D001A2BB9 /* PBXContainerItemProxy */ = {
			isa = PBXContainerItemProxy;
			containerPortal = DFA1E4B3299D3E0B001A2BB9 /* Project object */;
			proxyType = 1;
			remoteGlobalIDString = DFA1E4BA299D3E0B001A2BB9;
			remoteInfo = "PokeCard-TCA";
		};
		DFA1E4D7299D3E0D001A2BB9 /* PBXContainerItemProxy */ = {
			isa = PBXContainerItemProxy;
			containerPortal = DFA1E4B3299D3E0B001A2BB9 /* Project object */;
			proxyType = 1;
			remoteGlobalIDString = DFA1E4BA299D3E0B001A2BB9;
			remoteInfo = "PokeCard-TCA";
		};
/* End PBXContainerItemProxy section */

/* Begin PBXFileReference section */
		DFA1E4BB299D3E0B001A2BB9 /* PokeCard-TCA.app */ = {isa = PBXFileReference; explicitFileType = wrapper.application; includeInIndex = 0; path = "PokeCard-TCA.app"; sourceTree = BUILT_PRODUCTS_DIR; };
		DFA1E4BE299D3E0B001A2BB9 /* PokeCard_TCAApp.swift */ = {isa = PBXFileReference; lastKnownFileType = sourcecode.swift; path = PokeCard_TCAApp.swift; sourceTree = "<group>"; };
		DFA1E4C0299D3E0B001A2BB9 /* ContentView.swift */ = {isa = PBXFileReference; lastKnownFileType = sourcecode.swift; path = ContentView.swift; sourceTree = "<group>"; };
		DFA1E4C2299D3E0D001A2BB9 /* Assets.xcassets */ = {isa = PBXFileReference; lastKnownFileType = folder.assetcatalog; path = Assets.xcassets; sourceTree = "<group>"; };
		DFA1E4C4299D3E0D001A2BB9 /* PokeCard_TCA.entitlements */ = {isa = PBXFileReference; lastKnownFileType = text.plist.entitlements; path = PokeCard_TCA.entitlements; sourceTree = "<group>"; };
		DFA1E4C6299D3E0D001A2BB9 /* Preview Assets.xcassets */ = {isa = PBXFileReference; lastKnownFileType = folder.assetcatalog; path = "Preview Assets.xcassets"; sourceTree = "<group>"; };
		DFA1E4CC299D3E0D001A2BB9 /* PokeCard-TCATests.xctest */ = {isa = PBXFileReference; explicitFileType = wrapper.cfbundle; includeInIndex = 0; path = "PokeCard-TCATests.xctest"; sourceTree = BUILT_PRODUCTS_DIR; };
		DFA1E4D0299D3E0D001A2BB9 /* PokeCard_TCATests.swift */ = {isa = PBXFileReference; lastKnownFileType = sourcecode.swift; path = PokeCard_TCATests.swift; sourceTree = "<group>"; };
		DFA1E4D6299D3E0D001A2BB9 /* PokeCard-TCAUITests.xctest */ = {isa = PBXFileReference; explicitFileType = wrapper.cfbundle; includeInIndex = 0; path = "PokeCard-TCAUITests.xctest"; sourceTree = BUILT_PRODUCTS_DIR; };
		DFA1E4DA299D3E0D001A2BB9 /* PokeCard_TCAUITests.swift */ = {isa = PBXFileReference; lastKnownFileType = sourcecode.swift; path = PokeCard_TCAUITests.swift; sourceTree = "<group>"; };
		DFA1E4DC299D3E0D001A2BB9 /* PokeCard_TCAUITestsLaunchTests.swift */ = {isa = PBXFileReference; lastKnownFileType = sourcecode.swift; path = PokeCard_TCAUITestsLaunchTests.swift; sourceTree = "<group>"; };
/* End PBXFileReference section */

/* Begin PBXFrameworksBuildPhase section */
		DFA1E4B8299D3E0B001A2BB9 /* Frameworks */ = {
			isa = PBXFrameworksBuildPhase;
			buildActionMask = 2147483647;
			files = (
			);
			runOnlyForDeploymentPostprocessing = 0;
		};
		DFA1E4C9299D3E0D001A2BB9 /* Frameworks */ = {
			isa = PBXFrameworksBuildPhase;
			buildActionMask = 2147483647;
			files = (
			);
			runOnlyForDeploymentPostprocessing = 0;
		};
		DFA1E4D3299D3E0D001A2BB9 /* Frameworks */ = {
			isa = PBXFrameworksBuildPhase;
			buildActionMask = 2147483647;
			files = (
			);
			runOnlyForDeploymentPostprocessing = 0;
		};
/* End PBXFrameworksBuildPhase section */

/* Begin PBXGroup section */
		DFA1E4B2299D3E0B001A2BB9 = {
			isa = PBXGroup;
			children = (
				DFA1E4BD299D3E0B001A2BB9 /* PokeCard-TCA */,
				DFA1E4CF299D3E0D001A2BB9 /* PokeCard-TCATests */,
				DFA1E4D9299D3E0D001A2BB9 /* PokeCard-TCAUITests */,
				DFA1E4BC299D3E0B001A2BB9 /* Products */,
			);
			sourceTree = "<group>";
		};
		DFA1E4BC299D3E0B001A2BB9 /* Products */ = {
			isa = PBXGroup;
			children = (
				DFA1E4BB299D3E0B001A2BB9 /* PokeCard-TCA.app */,
				DFA1E4CC299D3E0D001A2BB9 /* PokeCard-TCATests.xctest */,
				DFA1E4D6299D3E0D001A2BB9 /* PokeCard-TCAUITests.xctest */,
			);
			name = Products;
			sourceTree = "<group>";
		};
		DFA1E4BD299D3E0B001A2BB9 /* PokeCard-TCA */ = {
			isa = PBXGroup;
			children = (
				DFA1E4BE299D3E0B001A2BB9 /* PokeCard_TCAApp.swift */,
				DFA1E4C0299D3E0B001A2BB9 /* ContentView.swift */,
				DFA1E4C2299D3E0D001A2BB9 /* Assets.xcassets */,
				DFA1E4C4299D3E0D001A2BB9 /* PokeCard_TCA.entitlements */,
				DFA1E4C5299D3E0D001A2BB9 /* Preview Content */,
			);
			path = "PokeCard-TCA";
			sourceTree = "<group>";
		};
		DFA1E4C5299D3E0D001A2BB9 /* Preview Content */ = {
			isa = PBXGroup;
			children = (
				DFA1E4C6299D3E0D001A2BB9 /* Preview Assets.xcassets */,
			);
			path = "Preview Content";
			sourceTree = "<group>";
		};
		DFA1E4CF299D3E0D001A2BB9 /* PokeCard-TCATests */ = {
			isa = PBXGroup;
			children = (
				DFA1E4D0299D3E0D001A2BB9 /* PokeCard_TCATests.swift */,
			);
			path = "PokeCard-TCATests";
			sourceTree = "<group>";
		};
		DFA1E4D9299D3E0D001A2BB9 /* PokeCard-TCAUITests */ = {
			isa = PBXGroup;
			children = (
				DFA1E4DA299D3E0D001A2BB9 /* PokeCard_TCAUITests.swift */,
				DFA1E4DC299D3E0D001A2BB9 /* PokeCard_TCAUITestsLaunchTests.swift */,
			);
			path = "PokeCard-TCAUITests";
			sourceTree = "<group>";
		};
/* End PBXGroup section */

/* Begin PBXNativeTarget section */
		DFA1E4BA299D3E0B001A2BB9 /* PokeCard-TCA */ = {
			isa = PBXNativeTarget;
			buildConfigurationList = DFA1E4E0299D3E0D001A2BB9 /* Build configuration list for PBXNativeTarget "PokeCard-TCA" */;
			buildPhases = (
				DFA1E4B7299D3E0B001A2BB9 /* Sources */,
				DFA1E4B8299D3E0B001A2BB9 /* Frameworks */,
				DFA1E4B9299D3E0B001A2BB9 /* Resources */,
			);
			buildRules = (
			);
			dependencies = (
			);
			name = "PokeCard-TCA";
			productName = "PokeCard-TCA";
			productReference = DFA1E4BB299D3E0B001A2BB9 /* PokeCard-TCA.app */;
			productType = "com.apple.product-type.application";
		};
		DFA1E4CB299D3E0D001A2BB9 /* PokeCard-TCATests */ = {
			isa = PBXNativeTarget;
			buildConfigurationList = DFA1E4E3299D3E0D001A2BB9 /* Build configuration list for PBXNativeTarget "PokeCard-TCATests" */;
			buildPhases = (
				DFA1E4C8299D3E0D001A2BB9 /* Sources */,
				DFA1E4C9299D3E0D001A2BB9 /* Frameworks */,
				DFA1E4CA299D3E0D001A2BB9 /* Resources */,
			);
			buildRules = (
			);
			dependencies = (
				DFA1E4CE299D3E0D001A2BB9 /* PBXTargetDependency */,
			);
			name = "PokeCard-TCATests";
			productName = "PokeCard-TCATests";
			productReference = DFA1E4CC299D3E0D001A2BB9 /* PokeCard-TCATests.xctest */;
			productType = "com.apple.product-type.bundle.unit-test";
		};
		DFA1E4D5299D3E0D001A2BB9 /* PokeCard-TCAUITests */ = {
			isa = PBXNativeTarget;
			buildConfigurationList = DFA1E4E6299D3E0D001A2BB9 /* Build configuration list for PBXNativeTarget "PokeCard-TCAUITests" */;
			buildPhases = (
				DFA1E4D2299D3E0D001A2BB9 /* Sources */,
				DFA1E4D3299D3E0D001A2BB9 /* Frameworks */,
				DFA1E4D4299D3E0D001A2BB9 /* Resources */,
			);
			buildRules = (
			);
			dependencies = (
				DFA1E4D8299D3E0D001A2BB9 /* PBXTargetDependency */,
			);
			name = "PokeCard-TCAUITests";
			productName = "PokeCard-TCAUITests";
			productReference = DFA1E4D6299D3E0D001A2BB9 /* PokeCard-TCAUITests.xctest */;
			productType = "com.apple.product-type.bundle.ui-testing";
		};
/* End PBXNativeTarget section */

/* Begin PBXProject section */
		DFA1E4B3299D3E0B001A2BB9 /* Project object */ = {
			isa = PBXProject;
			attributes = {
				BuildIndependentTargetsInParallel = 1;
				LastSwiftUpdateCheck = 1420;
				LastUpgradeCheck = 1420;
				TargetAttributes = {
					DFA1E4BA299D3E0B001A2BB9 = {
						CreatedOnToolsVersion = 14.2;
					};
					DFA1E4CB299D3E0D001A2BB9 = {
						CreatedOnToolsVersion = 14.2;
						TestTargetID = DFA1E4BA299D3E0B001A2BB9;
					};
					DFA1E4D5299D3E0D001A2BB9 = {
						CreatedOnToolsVersion = 14.2;
						TestTargetID = DFA1E4BA299D3E0B001A2BB9;
					};
				};
			};
			buildConfigurationList = DFA1E4B6299D3E0B001A2BB9 /* Build configuration list for PBXProject "PokeCard-TCA" */;
			compatibilityVersion = "Xcode 14.0";
			developmentRegion = en;
			hasScannedForEncodings = 0;
			knownRegions = (
				en,
				Base,
			);
			mainGroup = DFA1E4B2299D3E0B001A2BB9;
			productRefGroup = DFA1E4BC299D3E0B001A2BB9 /* Products */;
			projectDirPath = "";
			projectRoot = "";
			targets = (
				DFA1E4BA299D3E0B001A2BB9 /* PokeCard-TCA */,
				DFA1E4CB299D3E0D001A2BB9 /* PokeCard-TCATests */,
				DFA1E4D5299D3E0D001A2BB9 /* PokeCard-TCAUITests */,
			);
		};
/* End PBXProject section */

/* Begin PBXResourcesBuildPhase section */
		DFA1E4B9299D3E0B001A2BB9 /* Resources */ = {
			isa = PBXResourcesBuildPhase;
			buildActionMask = 2147483647;
			files = (
				DFA1E4C7299D3E0D001A2BB9 /* Preview Assets.xcassets in Resources */,
				DFA1E4C3299D3E0D001A2BB9 /* Assets.xcassets in Resources */,
			);
			runOnlyForDeploymentPostprocessing = 0;
		};
		DFA1E4CA299D3E0D001A2BB9 /* Resources */ = {
			isa = PBXResourcesBuildPhase;
			buildActionMask = 2147483647;
			files = (
			);
			runOnlyForDeploymentPostprocessing = 0;
		};
		DFA1E4D4299D3E0D001A2BB9 /* Resources */ = {
			isa = PBXResourcesBuildPhase;
			buildActionMask = 2147483647;
			files = (
			);
			runOnlyForDeploymentPostprocessing = 0;
		};
/* End PBXResourcesBuildPhase section */

/* Begin PBXSourcesBuildPhase section */
		DFA1E4B7299D3E0B001A2BB9 /* Sources */ = {
			isa = PBXSourcesBuildPhase;
			buildActionMask = 2147483647;
			files = (
				DFA1E4C1299D3E0B001A2BB9 /* ContentView.swift in Sources */,
				DFA1E4BF299D3E0B001A2BB9 /* PokeCard_TCAApp.swift in Sources */,
			);
			runOnlyForDeploymentPostprocessing = 0;
		};
		DFA1E4C8299D3E0D001A2BB9 /* Sources */ = {
			isa = PBXSourcesBuildPhase;
			buildActionMask = 2147483647;
			files = (
				DFA1E4D1299D3E0D001A2BB9 /* PokeCard_TCATests.swift in Sources */,
			);
			runOnlyForDeploymentPostprocessing = 0;
		};
		DFA1E4D2299D3E0D001A2BB9 /* Sources */ = {
			isa = PBXSourcesBuildPhase;
			buildActionMask = 2147483647;
			files = (
				DFA1E4DD299D3E0D001A2BB9 /* PokeCard_TCAUITestsLaunchTests.swift in Sources */,
				DFA1E4DB299D3E0D001A2BB9 /* PokeCard_TCAUITests.swift in Sources */,
			);
			runOnlyForDeploymentPostprocessing = 0;
		};
/* End PBXSourcesBuildPhase section */

/* Begin PBXTargetDependency section */
		DFA1E4CE299D3E0D001A2BB9 /* PBXTargetDependency */ = {
			isa = PBXTargetDependency;
			target = DFA1E4BA299D3E0B001A2BB9 /* PokeCard-TCA */;
			targetProxy = DFA1E4CD299D3E0D001A2BB9 /* PBXContainerItemProxy */;
		};
		DFA1E4D8299D3E0D001A2BB9 /* PBXTargetDependency */ = {
			isa = PBXTargetDependency;
			target = DFA1E4BA299D3E0B001A2BB9 /* PokeCard-TCA */;
			targetProxy = DFA1E4D7299D3E0D001A2BB9 /* PBXContainerItemProxy */;
		};
/* End PBXTargetDependency section */

/* Begin XCBuildConfiguration section */
		DFA1E4DE299D3E0D001A2BB9 /* Debug */ = {
			isa = XCBuildConfiguration;
			buildSettings = {
				ALWAYS_SEARCH_USER_PATHS = NO;
				CLANG_ANALYZER_NONNULL = YES;
				CLANG_ANALYZER_NUMBER_OBJECT_CONVERSION = YES_AGGRESSIVE;
				CLANG_CXX_LANGUAGE_STANDARD = "gnu++20";
				CLANG_ENABLE_MODULES = YES;
				CLANG_ENABLE_OBJC_ARC = YES;
				CLANG_ENABLE_OBJC_WEAK = YES;
				CLANG_WARN_BLOCK_CAPTURE_AUTORELEASING = YES;
				CLANG_WARN_BOOL_CONVERSION = YES;
				CLANG_WARN_COMMA = YES;
				CLANG_WARN_CONSTANT_CONVERSION = YES;
				CLANG_WARN_DEPRECATED_OBJC_IMPLEMENTATIONS = YES;
				CLANG_WARN_DIRECT_OBJC_ISA_USAGE = YES_ERROR;
				CLANG_WARN_DOCUMENTATION_COMMENTS = YES;
				CLANG_WARN_EMPTY_BODY = YES;
				CLANG_WARN_ENUM_CONVERSION = YES;
				CLANG_WARN_INFINITE_RECURSION = YES;
				CLANG_WARN_INT_CONVERSION = YES;
				CLANG_WARN_NON_LITERAL_NULL_CONVERSION = YES;
				CLANG_WARN_OBJC_IMPLICIT_RETAIN_SELF = YES;
				CLANG_WARN_OBJC_LITERAL_CONVERSION = YES;
				CLANG_WARN_OBJC_ROOT_CLASS = YES_ERROR;
				CLANG_WARN_QUOTED_INCLUDE_IN_FRAMEWORK_HEADER = YES;
				CLANG_WARN_RANGE_LOOP_ANALYSIS = YES;
				CLANG_WARN_STRICT_PROTOTYPES = YES;
				CLANG_WARN_SUSPICIOUS_MOVE = YES;
				CLANG_WARN_UNGUARDED_AVAILABILITY = YES_AGGRESSIVE;
				CLANG_WARN_UNREACHABLE_CODE = YES;
				CLANG_WARN__DUPLICATE_METHOD_MATCH = YES;
				COPY_PHASE_STRIP = NO;
				DEBUG_INFORMATION_FORMAT = dwarf;
				ENABLE_STRICT_OBJC_MSGSEND = YES;
				ENABLE_TESTABILITY = YES;
				GCC_C_LANGUAGE_STANDARD = gnu11;
				GCC_DYNAMIC_NO_PIC = NO;
				GCC_NO_COMMON_BLOCKS = YES;
				GCC_OPTIMIZATION_LEVEL = 0;
				GCC_PREPROCESSOR_DEFINITIONS = (
					"DEBUG=1",
					"$(inherited)",
				);
				GCC_WARN_64_TO_32_BIT_CONVERSION = YES;
				GCC_WARN_ABOUT_RETURN_TYPE = YES_ERROR;
				GCC_WARN_UNDECLARED_SELECTOR = YES;
				GCC_WARN_UNINITIALIZED_AUTOS = YES_AGGRESSIVE;
				GCC_WARN_UNUSED_FUNCTION = YES;
				GCC_WARN_UNUSED_VARIABLE = YES;
				MTL_ENABLE_DEBUG_INFO = INCLUDE_SOURCE;
				MTL_FAST_MATH = YES;
				ONLY_ACTIVE_ARCH = YES;
				SWIFT_ACTIVE_COMPILATION_CONDITIONS = DEBUG;
				SWIFT_OPTIMIZATION_LEVEL = "-Onone";
			};
			name = Debug;
		};
		DFA1E4DF299D3E0D001A2BB9 /* Release */ = {
			isa = XCBuildConfiguration;
			buildSettings = {
				ALWAYS_SEARCH_USER_PATHS = NO;
				CLANG_ANALYZER_NONNULL = YES;
				CLANG_ANALYZER_NUMBER_OBJECT_CONVERSION = YES_AGGRESSIVE;
				CLANG_CXX_LANGUAGE_STANDARD = "gnu++20";
				CLANG_ENABLE_MODULES = YES;
				CLANG_ENABLE_OBJC_ARC = YES;
				CLANG_ENABLE_OBJC_WEAK = YES;
				CLANG_WARN_BLOCK_CAPTURE_AUTORELEASING = YES;
				CLANG_WARN_BOOL_CONVERSION = YES;
				CLANG_WARN_COMMA = YES;
				CLANG_WARN_CONSTANT_CONVERSION = YES;
				CLANG_WARN_DEPRECATED_OBJC_IMPLEMENTATIONS = YES;
				CLANG_WARN_DIRECT_OBJC_ISA_USAGE = YES_ERROR;
				CLANG_WARN_DOCUMENTATION_COMMENTS = YES;
				CLANG_WARN_EMPTY_BODY = YES;
				CLANG_WARN_ENUM_CONVERSION = YES;
				CLANG_WARN_INFINITE_RECURSION = YES;
				CLANG_WARN_INT_CONVERSION = YES;
				CLANG_WARN_NON_LITERAL_NULL_CONVERSION = YES;
				CLANG_WARN_OBJC_IMPLICIT_RETAIN_SELF = YES;
				CLANG_WARN_OBJC_LITERAL_CONVERSION = YES;
				CLANG_WARN_OBJC_ROOT_CLASS = YES_ERROR;
				CLANG_WARN_QUOTED_INCLUDE_IN_FRAMEWORK_HEADER = YES;
				CLANG_WARN_RANGE_LOOP_ANALYSIS = YES;
				CLANG_WARN_STRICT_PROTOTYPES = YES;
				CLANG_WARN_SUSPICIOUS_MOVE = YES;
				CLANG_WARN_UNGUARDED_AVAILABILITY = YES_AGGRESSIVE;
				CLANG_WARN_UNREACHABLE_CODE = YES;
				CLANG_WARN__DUPLICATE_METHOD_MATCH = YES;
				COPY_PHASE_STRIP = NO;
				DEBUG_INFORMATION_FORMAT = "dwarf-with-dsym";
				ENABLE_NS_ASSERTIONS = NO;
				ENABLE_STRICT_OBJC_MSGSEND = YES;
				GCC_C_LANGUAGE_STANDARD = gnu11;
				GCC_NO_COMMON_BLOCKS = YES;
				GCC_WARN_64_TO_32_BIT_CONVERSION = YES;
				GCC_WARN_ABOUT_RETURN_TYPE = YES_ERROR;
				GCC_WARN_UNDECLARED_SELECTOR = YES;
				GCC_WARN_UNINITIALIZED_AUTOS = YES_AGGRESSIVE;
				GCC_WARN_UNUSED_FUNCTION = YES;
				GCC_WARN_UNUSED_VARIABLE = YES;
				MTL_ENABLE_DEBUG_INFO = NO;
				MTL_FAST_MATH = YES;
				SWIFT_COMPILATION_MODE = wholemodule;
				SWIFT_OPTIMIZATION_LEVEL = "-O";
			};
			name = Release;
		};
		DFA1E4E1299D3E0D001A2BB9 /* Debug */ = {
			isa = XCBuildConfiguration;
			buildSettings = {
				ASSETCATALOG_COMPILER_APPICON_NAME = AppIcon;
				ASSETCATALOG_COMPILER_GLOBAL_ACCENT_COLOR_NAME = AccentColor;
				CODE_SIGN_ENTITLEMENTS = "PokeCard-TCA/PokeCard_TCA.entitlements";
				CODE_SIGN_STYLE = Automatic;
				CURRENT_PROJECT_VERSION = 1;
				DEVELOPMENT_ASSET_PATHS = "\"PokeCard-TCA/Preview Content\"";
				DEVELOPMENT_TEAM = 2ANN3WL84D;
				ENABLE_HARDENED_RUNTIME = YES;
				ENABLE_PREVIEWS = YES;
				GENERATE_INFOPLIST_FILE = YES;
				"INFOPLIST_KEY_UIApplicationSceneManifest_Generation[sdk=iphoneos*]" = YES;
				"INFOPLIST_KEY_UIApplicationSceneManifest_Generation[sdk=iphonesimulator*]" = YES;
				"INFOPLIST_KEY_UIApplicationSupportsIndirectInputEvents[sdk=iphoneos*]" = YES;
				"INFOPLIST_KEY_UIApplicationSupportsIndirectInputEvents[sdk=iphonesimulator*]" = YES;
				"INFOPLIST_KEY_UILaunchScreen_Generation[sdk=iphoneos*]" = YES;
				"INFOPLIST_KEY_UILaunchScreen_Generation[sdk=iphonesimulator*]" = YES;
				"INFOPLIST_KEY_UIStatusBarStyle[sdk=iphoneos*]" = UIStatusBarStyleDefault;
				"INFOPLIST_KEY_UIStatusBarStyle[sdk=iphonesimulator*]" = UIStatusBarStyleDefault;
				INFOPLIST_KEY_UISupportedInterfaceOrientations_iPad = "UIInterfaceOrientationPortrait UIInterfaceOrientationPortraitUpsideDown UIInterfaceOrientationLandscapeLeft UIInterfaceOrientationLandscapeRight";
				INFOPLIST_KEY_UISupportedInterfaceOrientations_iPhone = "UIInterfaceOrientationPortrait UIInterfaceOrientationLandscapeLeft UIInterfaceOrientationLandscapeRight";
				IPHONEOS_DEPLOYMENT_TARGET = 16.2;
				LD_RUNPATH_SEARCH_PATHS = "@executable_path/Frameworks";
				"LD_RUNPATH_SEARCH_PATHS[sdk=macosx*]" = "@executable_path/../Frameworks";
				MACOSX_DEPLOYMENT_TARGET = 13.1;
				MARKETING_VERSION = 1.0;
				PRODUCT_BUNDLE_IDENTIFIER = "ravi.navarro.PokeCard-TCA";
				PRODUCT_NAME = "$(TARGET_NAME)";
				SDKROOT = auto;
				SUPPORTED_PLATFORMS = "iphoneos iphonesimulator macosx";
				SWIFT_EMIT_LOC_STRINGS = YES;
				SWIFT_VERSION = 5.0;
				TARGETED_DEVICE_FAMILY = "1,2";
			};
			name = Debug;
		};
		DFA1E4E2299D3E0D001A2BB9 /* Release */ = {
			isa = XCBuildConfiguration;
			buildSettings = {
				ASSETCATALOG_COMPILER_APPICON_NAME = AppIcon;
				ASSETCATALOG_COMPILER_GLOBAL_ACCENT_COLOR_NAME = AccentColor;
				CODE_SIGN_ENTITLEMENTS = "PokeCard-TCA/PokeCard_TCA.entitlements";
				CODE_SIGN_STYLE = Automatic;
				CURRENT_PROJECT_VERSION = 1;
				DEVELOPMENT_ASSET_PATHS = "\"PokeCard-TCA/Preview Content\"";
				DEVELOPMENT_TEAM = 2ANN3WL84D;
				ENABLE_HARDENED_RUNTIME = YES;
				ENABLE_PREVIEWS = YES;
				GENERATE_INFOPLIST_FILE = YES;
				"INFOPLIST_KEY_UIApplicationSceneManifest_Generation[sdk=iphoneos*]" = YES;
				"INFOPLIST_KEY_UIApplicationSceneManifest_Generation[sdk=iphonesimulator*]" = YES;
				"INFOPLIST_KEY_UIApplicationSupportsIndirectInputEvents[sdk=iphoneos*]" = YES;
				"INFOPLIST_KEY_UIApplicationSupportsIndirectInputEvents[sdk=iphonesimulator*]" = YES;
				"INFOPLIST_KEY_UILaunchScreen_Generation[sdk=iphoneos*]" = YES;
				"INFOPLIST_KEY_UILaunchScreen_Generation[sdk=iphonesimulator*]" = YES;
				"INFOPLIST_KEY_UIStatusBarStyle[sdk=iphoneos*]" = UIStatusBarStyleDefault;
				"INFOPLIST_KEY_UIStatusBarStyle[sdk=iphonesimulator*]" = UIStatusBarStyleDefault;
				INFOPLIST_KEY_UISupportedInterfaceOrientations_iPad = "UIInterfaceOrientationPortrait UIInterfaceOrientationPortraitUpsideDown UIInterfaceOrientationLandscapeLeft UIInterfaceOrientationLandscapeRight";
				INFOPLIST_KEY_UISupportedInterfaceOrientations_iPhone = "UIInterfaceOrientationPortrait UIInterfaceOrientationLandscapeLeft UIInterfaceOrientationLandscapeRight";
				IPHONEOS_DEPLOYMENT_TARGET = 16.2;
				LD_RUNPATH_SEARCH_PATHS = "@executable_path/Frameworks";
				"LD_RUNPATH_SEARCH_PATHS[sdk=macosx*]" = "@executable_path/../Frameworks";
				MACOSX_DEPLOYMENT_TARGET = 13.1;
				MARKETING_VERSION = 1.0;
				PRODUCT_BUNDLE_IDENTIFIER = "ravi.navarro.PokeCard-TCA";
				PRODUCT_NAME = "$(TARGET_NAME)";
				SDKROOT = auto;
				SUPPORTED_PLATFORMS = "iphoneos iphonesimulator macosx";
				SWIFT_EMIT_LOC_STRINGS = YES;
				SWIFT_VERSION = 5.0;
				TARGETED_DEVICE_FAMILY = "1,2";
			};
			name = Release;
		};
		DFA1E4E4299D3E0D001A2BB9 /* Debug */ = {
			isa = XCBuildConfiguration;
			buildSettings = {
				ALWAYS_EMBED_SWIFT_STANDARD_LIBRARIES = YES;
				BUNDLE_LOADER = "$(TEST_HOST)";
				CODE_SIGN_STYLE = Automatic;
				CURRENT_PROJECT_VERSION = 1;
				DEVELOPMENT_TEAM = 2ANN3WL84D;
				GENERATE_INFOPLIST_FILE = YES;
				IPHONEOS_DEPLOYMENT_TARGET = 16.2;
				MACOSX_DEPLOYMENT_TARGET = 13.1;
				MARKETING_VERSION = 1.0;
				PRODUCT_BUNDLE_IDENTIFIER = "ravi.navarro.PokeCard-TCATests";
				PRODUCT_NAME = "$(TARGET_NAME)";
				SDKROOT = auto;
				SUPPORTED_PLATFORMS = "iphoneos iphonesimulator macosx";
				SWIFT_EMIT_LOC_STRINGS = NO;
				SWIFT_VERSION = 5.0;
				TARGETED_DEVICE_FAMILY = "1,2";
				TEST_HOST = "$(BUILT_PRODUCTS_DIR)/PokeCard-TCA.app/$(BUNDLE_EXECUTABLE_FOLDER_PATH)/PokeCard-TCA";
			};
			name = Debug;
		};
		DFA1E4E5299D3E0D001A2BB9 /* Release */ = {
			isa = XCBuildConfiguration;
			buildSettings = {
				ALWAYS_EMBED_SWIFT_STANDARD_LIBRARIES = YES;
				BUNDLE_LOADER = "$(TEST_HOST)";
				CODE_SIGN_STYLE = Automatic;
				CURRENT_PROJECT_VERSION = 1;
				DEVELOPMENT_TEAM = 2ANN3WL84D;
				GENERATE_INFOPLIST_FILE = YES;
				IPHONEOS_DEPLOYMENT_TARGET = 16.2;
				MACOSX_DEPLOYMENT_TARGET = 13.1;
				MARKETING_VERSION = 1.0;
				PRODUCT_BUNDLE_IDENTIFIER = "ravi.navarro.PokeCard-TCATests";
				PRODUCT_NAME = "$(TARGET_NAME)";
				SDKROOT = auto;
				SUPPORTED_PLATFORMS = "iphoneos iphonesimulator macosx";
				SWIFT_EMIT_LOC_STRINGS = NO;
				SWIFT_VERSION = 5.0;
				TARGETED_DEVICE_FAMILY = "1,2";
				TEST_HOST = "$(BUILT_PRODUCTS_DIR)/PokeCard-TCA.app/$(BUNDLE_EXECUTABLE_FOLDER_PATH)/PokeCard-TCA";
			};
			name = Release;
		};
		DFA1E4E7299D3E0D001A2BB9 /* Debug */ = {
			isa = XCBuildConfiguration;
			buildSettings = {
				ALWAYS_EMBED_SWIFT_STANDARD_LIBRARIES = YES;
				CODE_SIGN_STYLE = Automatic;
				CURRENT_PROJECT_VERSION = 1;
				DEVELOPMENT_TEAM = 2ANN3WL84D;
				GENERATE_INFOPLIST_FILE = YES;
				IPHONEOS_DEPLOYMENT_TARGET = 16.2;
				MACOSX_DEPLOYMENT_TARGET = 13.1;
				MARKETING_VERSION = 1.0;
				PRODUCT_BUNDLE_IDENTIFIER = "ravi.navarro.PokeCard-TCAUITests";
				PRODUCT_NAME = "$(TARGET_NAME)";
				SDKROOT = auto;
				SUPPORTED_PLATFORMS = "iphoneos iphonesimulator macosx";
				SWIFT_EMIT_LOC_STRINGS = NO;
				SWIFT_VERSION = 5.0;
				TARGETED_DEVICE_FAMILY = "1,2";
				TEST_TARGET_NAME = "PokeCard-TCA";
			};
			name = Debug;
		};
		DFA1E4E8299D3E0D001A2BB9 /* Release */ = {
			isa = XCBuildConfiguration;
			buildSettings = {
				ALWAYS_EMBED_SWIFT_STANDARD_LIBRARIES = YES;
				CODE_SIGN_STYLE = Automatic;
				CURRENT_PROJECT_VERSION = 1;
				DEVELOPMENT_TEAM = 2ANN3WL84D;
				GENERATE_INFOPLIST_FILE = YES;
				IPHONEOS_DEPLOYMENT_TARGET = 16.2;
				MACOSX_DEPLOYMENT_TARGET = 13.1;
				MARKETING_VERSION = 1.0;
				PRODUCT_BUNDLE_IDENTIFIER = "ravi.navarro.PokeCard-TCAUITests";
				PRODUCT_NAME = "$(TARGET_NAME)";
				SDKROOT = auto;
				SUPPORTED_PLATFORMS = "iphoneos iphonesimulator macosx";
				SWIFT_EMIT_LOC_STRINGS = NO;
				SWIFT_VERSION = 5.0;
				TARGETED_DEVICE_FAMILY = "1,2";
				TEST_TARGET_NAME = "PokeCard-TCA";
			};
			name = Release;
		};
/* End XCBuildConfiguration section */

/* Begin XCConfigurationList section */
		DFA1E4B6299D3E0B001A2BB9 /* Build configuration list for PBXProject "PokeCard-TCA" */ = {
			isa = XCConfigurationList;
			buildConfigurations = (
				DFA1E4DE299D3E0D001A2BB9 /* Debug */,
				DFA1E4DF299D3E0D001A2BB9 /* Release */,
			);
			defaultConfigurationIsVisible = 0;
			defaultConfigurationName = Release;
		};
		DFA1E4E0299D3E0D001A2BB9 /* Build configuration list for PBXNativeTarget "PokeCard-TCA" */ = {
			isa = XCConfigurationList;
			buildConfigurations = (
				DFA1E4E1299D3E0D001A2BB9 /* Debug */,
				DFA1E4E2299D3E0D001A2BB9 /* Release */,
			);
			defaultConfigurationIsVisible = 0;
			defaultConfigurationName = Release;
		};
		DFA1E4E3299D3E0D001A2BB9 /* Build configuration list for PBXNativeTarget "PokeCard-TCATests" */ = {
			isa = XCConfigurationList;
			buildConfigurations = (
				DFA1E4E4299D3E0D001A2BB9 /* Debug */,
				DFA1E4E5299D3E0D001A2BB9 /* Release */,
			);
			defaultConfigurationIsVisible = 0;
			defaultConfigurationName = Release;
		};
		DFA1E4E6299D3E0D001A2BB9 /* Build configuration list for PBXNativeTarget "PokeCard-TCAUITests" */ = {
			isa = XCConfigurationList;
			buildConfigurations = (
				DFA1E4E7299D3E0D001A2BB9 /* Debug */,
				DFA1E4E8299D3E0D001A2BB9 /* Release */,
			);
			defaultConfigurationIsVisible = 0;
			defaultConfigurationName = Release;
		};
/* End XCConfigurationList section */
	};
	rootObject = DFA1E4B3299D3E0B001A2BB9 /* Project object */;
}
